// !$*UTF8*$!
{
	archiveVersion = 1;
	classes = {
	};
	objectVersion = 56;
	objects = {

/* Begin PBXBuildFile section */
		0C832F5F5BDBCB66CE638A4F /* AIAssistant.swift in Sources */ = {isa = PBXBuildFile; fileRef = 291047FCFEC866FA963B7A91 /* AIAssistant.swift */; };
		2D115652DCFCD96F18275D56 /* MetalRenderer.swift in Sources */ = {isa = PBXBuildFile; fileRef = 8D4084A307FD5DCE35279A5A /* MetalRenderer.swift */; };
		4B4A2CD75CEC8A6C1ADC7C26 /* ThemeManager.swift in Sources */ = {isa = PBXBuildFile; fileRef = EDA09A173E441219BBBFC89E /* ThemeManager.swift */; };
		5C3CBBBE7B1D9A48FD2C363C /* SessionManager.swift in Sources */ = {isa = PBXBuildFile; fileRef = F8F16FD60161017828DC4AD7 /* SessionManager.swift */; };
		6438697AB514942CA4FFE416 /* TextSelection.swift in Sources */ = {isa = PBXBuildFile; fileRef = 9187EFB6238EBBB59240742F /* TextSelection.swift */; };
		8F3BA09B68BCEED2647FB57B /* PluginManager.swift in Sources */ = {isa = PBXBuildFile; fileRef = 1AB1E24CF87231FFC890D9CC /* PluginManager.swift */; };
		97A23994D7DBFD47B71E3645 /* Shaders.metal in Sources */ = {isa = PBXBuildFile; fileRef = 2EBFAA21F75CBA2BE4C70AB5 /* Shaders.metal */; };
		9D6BE6D947EED6D7636F66C2 /* SplitPaneManager.swift in Sources */ = {isa = PBXBuildFile; fileRef = 7CA36FCD1497F3CD77EA3773 /* SplitPaneManager.swift */; };
		A43010328B81A73989514F6A /* LigatureHandler.swift in Sources */ = {isa = PBXBuildFile; fileRef = A1BAF344617470ED333B3FE8 /* LigatureHandler.swift */; };
		AA0001 /* AppDelegate.swift in Sources */ = {isa = PBXBuildFile; fileRef = BB0001 /* AppDelegate.swift */; };
		AA0002 /* TerminalCore.swift in Sources */ = {isa = PBXBuildFile; fileRef = BB0002 /* TerminalCore.swift */; };
		AA0003 /* TerminalWindowController.swift in Sources */ = {isa = PBXBuildFile; fileRef = BB0003 /* TerminalWindowController.swift */; };
		AA0004 /* TerminalViewController.swift in Sources */ = {isa = PBXBuildFile; fileRef = BB0004 /* TerminalViewController.swift */; };
		AA0005 /* TerminalView.swift in Sources */ = {isa = PBXBuildFile; fileRef = BB0005 /* TerminalView.swift */; };
		AEDCDEF047C6DD26DA8650B7 /* SettingsManager.swift in Sources */ = {isa = PBXBuildFile; fileRef = 9C8674C6ECFD217252806576 /* SettingsManager.swift */; };
		B1FC40B5355A3D946ABA2950 /* SearchManager.swift in Sources */ = {isa = PBXBuildFile; fileRef = 5BA19E91330809FFA6CBC184 /* SearchManager.swift */; };
		BF3A14A140D2F1C73FFC6484 /* TabManager.swift in Sources */ = {isa = PBXBuildFile; fileRef = 4247B29C6E6865A788C4EDFA /* TabManager.swift */; };
		C974DAD2AF3ACB216CDFF840 /* PerformanceMonitor.swift in Sources */ = {isa = PBXBuildFile; fileRef = 013F577D84151915AD84F2CE /* PerformanceMonitor.swift */; };
		CD8EAFE6CF77D962D62FEAC2 /* CursorRenderer.swift in Sources */ = {isa = PBXBuildFile; fileRef = 0C0956A3D1DC179639522344 /* CursorRenderer.swift */; };
		D18703D793F8B2BD8D1707B1 /* WorkingDirectoryTracker.swift in Sources */ = {isa = PBXBuildFile; fileRef = 2D47E6C13289837D5217F0FB /* WorkingDirectoryTracker.swift */; };
		E67274FFF8366BA0AE9FF724 /* GlyphCache.swift in Sources */ = {isa = PBXBuildFile; fileRef = 3745100324A68FC2B661B7F6 /* GlyphCache.swift */; };
		E91FFEEF719A9A7162A75A11 /* ScrollAnimator.swift in Sources */ = {isa = PBXBuildFile; fileRef = 2E2359A1149AF761A0888212 /* ScrollAnimator.swift */; };
		ED73960E0E7B64B9B649DBBA /* VisualEffectsManager.swift in Sources */ = {isa = PBXBuildFile; fileRef = 6027A3A190263E4E166FAF7C /* VisualEffectsManager.swift */; };
		F9F1C047B59C0E8DA6B87278 /* ClipboardManager.swift in Sources */ = {isa = PBXBuildFile; fileRef = 22EF0D907D25ACB8EFF71A06 /* ClipboardManager.swift */; };
/* End PBXBuildFile section */

/* Begin PBXFileReference section */
		013F577D84151915AD84F2CE /* PerformanceMonitor.swift */ = {isa = PBXFileReference; includeInIndex = 1; lastKnownFileType = sourcecode.swift; path = PerformanceMonitor.swift; sourceTree = "<group>"; };
		0C0956A3D1DC179639522344 /* CursorRenderer.swift */ = {isa = PBXFileReference; includeInIndex = 1; lastKnownFileType = sourcecode.swift; path = CursorRenderer.swift; sourceTree = "<group>"; };
		1AB1E24CF87231FFC890D9CC /* PluginManager.swift */ = {isa = PBXFileReference; includeInIndex = 1; lastKnownFileType = sourcecode.swift; path = PluginManager.swift; sourceTree = "<group>"; };
		22EF0D907D25ACB8EFF71A06 /* ClipboardManager.swift */ = {isa = PBXFileReference; includeInIndex = 1; lastKnownFileType = sourcecode.swift; path = ClipboardManager.swift; sourceTree = "<group>"; };
		291047FCFEC866FA963B7A91 /* AIAssistant.swift */ = {isa = PBXFileReference; includeInIndex = 1; lastKnownFileType = sourcecode.swift; path = AIAssistant.swift; sourceTree = "<group>"; };
		2D47E6C13289837D5217F0FB /* WorkingDirectoryTracker.swift */ = {isa = PBXFileReference; includeInIndex = 1; lastKnownFileType = sourcecode.swift; path = WorkingDirectoryTracker.swift; sourceTree = "<group>"; };
		2E2359A1149AF761A0888212 /* ScrollAnimator.swift */ = {isa = PBXFileReference; includeInIndex = 1; lastKnownFileType = sourcecode.swift; path = ScrollAnimator.swift; sourceTree = "<group>"; };
		2EBFAA21F75CBA2BE4C70AB5 /* Shaders.metal */ = {isa = PBXFileReference; includeInIndex = 1; path = Shaders.metal; sourceTree = "<group>"; };
		3745100324A68FC2B661B7F6 /* GlyphCache.swift */ = {isa = PBXFileReference; includeInIndex = 1; lastKnownFileType = sourcecode.swift; path = GlyphCache.swift; sourceTree = "<group>"; };
		4247B29C6E6865A788C4EDFA /* TabManager.swift */ = {isa = PBXFileReference; includeInIndex = 1; lastKnownFileType = sourcecode.swift; path = TabManager.swift; sourceTree = "<group>"; };
		5BA19E91330809FFA6CBC184 /* SearchManager.swift */ = {isa = PBXFileReference; includeInIndex = 1; lastKnownFileType = sourcecode.swift; path = SearchManager.swift; sourceTree = "<group>"; };
		6027A3A190263E4E166FAF7C /* VisualEffectsManager.swift */ = {isa = PBXFileReference; includeInIndex = 1; lastKnownFileType = sourcecode.swift; path = VisualEffectsManager.swift; sourceTree = "<group>"; };
		7CA36FCD1497F3CD77EA3773 /* SplitPaneManager.swift */ = {isa = PBXFileReference; includeInIndex = 1; lastKnownFileType = sourcecode.swift; path = SplitPaneManager.swift; sourceTree = "<group>"; };
		8D4084A307FD5DCE35279A5A /* MetalRenderer.swift */ = {isa = PBXFileReference; includeInIndex = 1; lastKnownFileType = sourcecode.swift; path = MetalRenderer.swift; sourceTree = "<group>"; };
		9187EFB6238EBBB59240742F /* TextSelection.swift */ = {isa = PBXFileReference; includeInIndex = 1; lastKnownFileType = sourcecode.swift; path = TextSelection.swift; sourceTree = "<group>"; };
		9C8674C6ECFD217252806576 /* SettingsManager.swift */ = {isa = PBXFileReference; includeInIndex = 1; lastKnownFileType = sourcecode.swift; path = SettingsManager.swift; sourceTree = "<group>"; };
		A1BAF344617470ED333B3FE8 /* LigatureHandler.swift */ = {isa = PBXFileReference; includeInIndex = 1; lastKnownFileType = sourcecode.swift; path = LigatureHandler.swift; sourceTree = "<group>"; };
		BB0001 /* AppDelegate.swift */ = {isa = PBXFileReference; lastKnownFileType = sourcecode.swift; path = TerminalEmulator/AppDelegate.swift; };
		BB0002 /* TerminalCore.swift */ = {isa = PBXFileReference; lastKnownFileType = sourcecode.swift; path = TerminalEmulator/TerminalCore.swift; };
		BB0003 /* TerminalWindowController.swift */ = {isa = PBXFileReference; lastKnownFileType = sourcecode.swift; path = TerminalEmulator/TerminalWindowController.swift; };
		BB0004 /* TerminalViewController.swift */ = {isa = PBXFileReference; lastKnownFileType = sourcecode.swift; path = TerminalEmulator/TerminalViewController.swift; };
		BB0005 /* TerminalView.swift */ = {isa = PBXFileReference; lastKnownFileType = sourcecode.swift; path = TerminalEmulator/TerminalView.swift; };
		BB0006 /* Info.plist */ = {isa = PBXFileReference; lastKnownFileType = text.plist.xml; path = Info.plist; };
		BB0007 /* TerminalEmulator-Bridging-Header.h */ = {isa = PBXFileReference; lastKnownFileType = sourcecode.c.h; path = "TerminalEmulator-Bridging-Header.h"; };
		CC0001 /* TerminalEmulator.app */ = {isa = PBXFileReference; explicitFileType = wrapper.application; includeInIndex = 0; path = TerminalEmulator.app; };
		EDA09A173E441219BBBFC89E /* ThemeManager.swift */ = {isa = PBXFileReference; includeInIndex = 1; lastKnownFileType = sourcecode.swift; path = ThemeManager.swift; sourceTree = "<group>"; };
		F8F16FD60161017828DC4AD7 /* SessionManager.swift */ = {isa = PBXFileReference; includeInIndex = 1; lastKnownFileType = sourcecode.swift; path = SessionManager.swift; sourceTree = "<group>"; };
/* End PBXFileReference section */

/* Begin PBXFrameworksBuildPhase section */
		DD0001 /* Frameworks */ = {
			isa = PBXFrameworksBuildPhase;
			buildActionMask = 2147483647;
			files = (
			);
			runOnlyForDeploymentPostprocessing = 0;
		};
/* End PBXFrameworksBuildPhase section */

/* Begin PBXGroup section */
		EE0001 = {
			isa = PBXGroup;
			children = (
				EE0002 /* TerminalEmulator */,
				EE0003 /* Products */,
			);
			sourceTree = "<group>";
		};
		EE0002 /* TerminalEmulator */ = {
			isa = PBXGroup;
			children = (
				BB0001 /* AppDelegate.swift */,
				BB0002 /* TerminalCore.swift */,
				BB0003 /* TerminalWindowController.swift */,
				BB0004 /* TerminalViewController.swift */,
				BB0005 /* TerminalView.swift */,
				BB0006 /* Info.plist */,
				BB0007 /* TerminalEmulator-Bridging-Header.h */,
				8D4084A307FD5DCE35279A5A /* MetalRenderer.swift */,
				3745100324A68FC2B661B7F6 /* GlyphCache.swift */,
				2EBFAA21F75CBA2BE4C70AB5 /* Shaders.metal */,
				0C0956A3D1DC179639522344 /* CursorRenderer.swift */,
				2E2359A1149AF761A0888212 /* ScrollAnimator.swift */,
				6027A3A190263E4E166FAF7C /* VisualEffectsManager.swift */,
				A1BAF344617470ED333B3FE8 /* LigatureHandler.swift */,
				9187EFB6238EBBB59240742F /* TextSelection.swift */,
				22EF0D907D25ACB8EFF71A06 /* ClipboardManager.swift */,
				4247B29C6E6865A788C4EDFA /* TabManager.swift */,
				7CA36FCD1497F3CD77EA3773 /* SplitPaneManager.swift */,
				5BA19E91330809FFA6CBC184 /* SearchManager.swift */,
				F8F16FD60161017828DC4AD7 /* SessionManager.swift */,
				2D47E6C13289837D5217F0FB /* WorkingDirectoryTracker.swift */,
				1AB1E24CF87231FFC890D9CC /* PluginManager.swift */,
				291047FCFEC866FA963B7A91 /* AIAssistant.swift */,
				EDA09A173E441219BBBFC89E /* ThemeManager.swift */,
				9C8674C6ECFD217252806576 /* SettingsManager.swift */,
				013F577D84151915AD84F2CE /* PerformanceMonitor.swift */,
			);
			path = TerminalEmulator;
			sourceTree = "<group>";
		};
		EE0003 /* Products */ = {
			isa = PBXGroup;
			children = (
				CC0001 /* TerminalEmulator.app */,
			);
			name = Products;
			sourceTree = "<group>";
		};
/* End PBXGroup section */

/* Begin PBXNativeTarget section */
		FF0001 /* TerminalEmulator */ = {
			isa = PBXNativeTarget;
			buildConfigurationList = FF0002 /* Build configuration list for PBXNativeTarget "TerminalEmulator" */;
			buildPhases = (
				FF0003 /* Sources */,
				DD0001 /* Frameworks */,
				FF0004 /* Resources */,
				FF0005 /* Build Rust Library */,
			);
			buildRules = (
			);
			dependencies = (
			);
			name = TerminalEmulator;
			productName = TerminalEmulator;
			productReference = CC0001 /* TerminalEmulator.app */;
			productType = "com.apple.product-type.application";
		};
/* End PBXNativeTarget section */

/* Begin PBXProject section */
		GG0001 /* Project object */ = {
			isa = PBXProject;
			attributes = {
				BuildIndependentTargetsInParallel = 1;
				LastSwiftUpdateCheck = 1500;
				LastUpgradeCheck = 1500;
			};
			buildConfigurationList = GG0002 /* Build configuration list for PBXProject "TerminalEmulator" */;
			compatibilityVersion = "Xcode 14.0";
			developmentRegion = en;
			hasScannedForEncodings = 0;
			knownRegions = (
				en,
			);
			mainGroup = EE0001;
			productRefGroup = EE0003 /* Products */;
			projectDirPath = "";
			projectRoot = "";
			targets = (
				FF0001 /* TerminalEmulator */,
			);
		};
/* End PBXProject section */

/* Begin PBXResourcesBuildPhase section */
		FF0004 /* Resources */ = {
			isa = PBXResourcesBuildPhase;
			buildActionMask = 2147483647;
			files = (
			);
			runOnlyForDeploymentPostprocessing = 0;
		};
/* End PBXResourcesBuildPhase section */

/* Begin PBXShellScriptBuildPhase section */
		FF0005 /* Build Rust Library */ = {
			isa = PBXShellScriptBuildPhase;
			buildActionMask = 2147483647;
			files = (
			);
			inputFileListPaths = (
			);
			inputPaths = (
			);
			name = "Build Rust Library";
			outputFileListPaths = (
			);
			outputPaths = (
			);
			runOnlyForDeploymentPostprocessing = 0;
			shellPath = /bin/sh;
			shellScript = "cd \"$SRCROOT\"\n./build_rust.sh\n";
		};
/* End PBXShellScriptBuildPhase section */

/* Begin PBXSourcesBuildPhase section */
		FF0003 /* Sources */ = {
			isa = PBXSourcesBuildPhase;
			buildActionMask = 2147483647;
			files = (
				AA0001 /* AppDelegate.swift in Sources */,
				AA0002 /* TerminalCore.swift in Sources */,
				AA0003 /* TerminalWindowController.swift in Sources */,
				AA0004 /* TerminalViewController.swift in Sources */,
				AA0005 /* TerminalView.swift in Sources */,
				2D115652DCFCD96F18275D56 /* MetalRenderer.swift in Sources */,
				E67274FFF8366BA0AE9FF724 /* GlyphCache.swift in Sources */,
				97A23994D7DBFD47B71E3645 /* Shaders.metal in Sources */,
				CD8EAFE6CF77D962D62FEAC2 /* CursorRenderer.swift in Sources */,
				E91FFEEF719A9A7162A75A11 /* ScrollAnimator.swift in Sources */,
				ED73960E0E7B64B9B649DBBA /* VisualEffectsManager.swift in Sources */,
				A43010328B81A73989514F6A /* LigatureHandler.swift in Sources */,
				6438697AB514942CA4FFE416 /* TextSelection.swift in Sources */,
				F9F1C047B59C0E8DA6B87278 /* ClipboardManager.swift in Sources */,
				BF3A14A140D2F1C73FFC6484 /* TabManager.swift in Sources */,
				9D6BE6D947EED6D7636F66C2 /* SplitPaneManager.swift in Sources */,
				B1FC40B5355A3D946ABA2950 /* SearchManager.swift in Sources */,
				5C3CBBBE7B1D9A48FD2C363C /* SessionManager.swift in Sources */,
				D18703D793F8B2BD8D1707B1 /* WorkingDirectoryTracker.swift in Sources */,
				8F3BA09B68BCEED2647FB57B /* PluginManager.swift in Sources */,
				0C832F5F5BDBCB66CE638A4F /* AIAssistant.swift in Sources */,
				4B4A2CD75CEC8A6C1ADC7C26 /* ThemeManager.swift in Sources */,
				AEDCDEF047C6DD26DA8650B7 /* SettingsManager.swift in Sources */,
				C974DAD2AF3ACB216CDFF840 /* PerformanceMonitor.swift in Sources */,
			);
			runOnlyForDeploymentPostprocessing = 0;
		};
/* End PBXSourcesBuildPhase section */

/* Begin XCBuildConfiguration section */
		HH0001 /* Debug */ = {
			isa = XCBuildConfiguration;
			buildSettings = {
				ALWAYS_SEARCH_USER_PATHS = NO;
				CLANG_ANALYZER_NONNULL = YES;
				CLANG_ANALYZER_NUMBER_OBJECT_CONVERSION = YES_AGGRESSIVE;
				CLANG_CXX_LANGUAGE_STANDARD = "gnu++20";
				CLANG_ENABLE_MODULES = YES;
				CLANG_ENABLE_OBJC_ARC = YES;
				CLANG_ENABLE_OBJC_WEAK = YES;
				CLANG_WARN_BLOCK_CAPTURE_AUTORELEASING = YES;
				CLANG_WARN_BOOL_CONVERSION = YES;
				CLANG_WARN_COMMA = YES;
				CLANG_WARN_CONSTANT_CONVERSION = YES;
				CLANG_WARN_DEPRECATED_OBJC_IMPLEMENTATIONS = YES;
				CLANG_WARN_DIRECT_OBJC_ISA_USAGE = YES_ERROR;
				CLANG_WARN_DOCUMENTATION_COMMENTS = YES;
				CLANG_WARN_EMPTY_BODY = YES;
				CLANG_WARN_ENUM_CONVERSION = YES;
				CLANG_WARN_INFINITE_RECURSION = YES;
				CLANG_WARN_INT_CONVERSION = YES;
				CLANG_WARN_NON_LITERAL_NULL_CONVERSION = YES;
				CLANG_WARN_OBJC_IMPLICIT_RETAIN_SELF = YES;
				CLANG_WARN_OBJC_LITERAL_CONVERSION = YES;
				CLANG_WARN_OBJC_ROOT_CLASS = YES_ERROR;
				CLANG_WARN_QUOTED_INCLUDE_IN_FRAMEWORK_HEADER = YES;
				CLANG_WARN_RANGE_LOOP_ANALYSIS = YES;
				CLANG_WARN_STRICT_PROTOTYPES = YES;
				CLANG_WARN_SUSPICIOUS_MOVE = YES;
				CLANG_WARN_UNGUARDED_AVAILABILITY = YES_AGGRESSIVE;
				CLANG_WARN_UNREACHABLE_CODE = YES;
				CLANG_WARN__DUPLICATE_METHOD_MATCH = YES;
				COPY_PHASE_STRIP = NO;
				DEBUG_INFORMATION_FORMAT = dwarf;
				ENABLE_STRICT_OBJC_MSGSEND = YES;
				ENABLE_TESTABILITY = YES;
				GCC_C_LANGUAGE_STANDARD = gnu11;
				GCC_DYNAMIC_NO_PIC = NO;
				GCC_NO_COMMON_BLOCKS = YES;
				GCC_OPTIMIZATION_LEVEL = 0;
				GCC_PREPROCESSOR_DEFINITIONS = (
					"DEBUG=1",
					"$(inherited)",
				);
				GCC_WARN_64_TO_32_BIT_CONVERSION = YES;
				GCC_WARN_ABOUT_RETURN_TYPE = YES_ERROR;
				GCC_WARN_UNDECLARED_SELECTOR = YES;
				GCC_WARN_UNINITIALIZED_AUTOS = YES_AGGRESSIVE;
				GCC_WARN_UNUSED_FUNCTION = YES;
				GCC_WARN_UNUSED_VARIABLE = YES;
				MACOSX_DEPLOYMENT_TARGET = 13.0;
				MTL_ENABLE_DEBUG_INFO = INCLUDE_SOURCE;
				MTL_FAST_MATH = YES;
				ONLY_ACTIVE_ARCH = YES;
				SDKROOT = macosx;
				SWIFT_ACTIVE_COMPILATION_CONDITIONS = DEBUG;
				SWIFT_OPTIMIZATION_LEVEL = "-Onone";
			};
			name = Debug;
		};
		HH0002 /* Release */ = {
			isa = XCBuildConfiguration;
			buildSettings = {
				ALWAYS_SEARCH_USER_PATHS = NO;
				CLANG_ANALYZER_NONNULL = YES;
				CLANG_ANALYZER_NUMBER_OBJECT_CONVERSION = YES_AGGRESSIVE;
				CLANG_CXX_LANGUAGE_STANDARD = "gnu++20";
				CLANG_ENABLE_MODULES = YES;
				CLANG_ENABLE_OBJC_ARC = YES;
				CLANG_ENABLE_OBJC_WEAK = YES;
				CLANG_WARN_BLOCK_CAPTURE_AUTORELEASING = YES;
				CLANG_WARN_BOOL_CONVERSION = YES;
				CLANG_WARN_COMMA = YES;
				CLANG_WARN_CONSTANT_CONVERSION = YES;
				CLANG_WARN_DEPRECATED_OBJC_IMPLEMENTATIONS = YES;
				CLANG_WARN_DIRECT_OBJC_ISA_USAGE = YES_ERROR;
				CLANG_WARN_DOCUMENTATION_COMMENTS = YES;
				CLANG_WARN_EMPTY_BODY = YES;
				CLANG_WARN_ENUM_CONVERSION = YES;
				CLANG_WARN_INFINITE_RECURSION = YES;
				CLANG_WARN_INT_CONVERSION = YES;
				CLANG_WARN_NON_LITERAL_NULL_CONVERSION = YES;
				CLANG_WARN_OBJC_IMPLICIT_RETAIN_SELF = YES;
				CLANG_WARN_OBJC_LITERAL_CONVERSION = YES;
				CLANG_WARN_OBJC_ROOT_CLASS = YES_ERROR;
				CLANG_WARN_QUOTED_INCLUDE_IN_FRAMEWORK_HEADER = YES;
				CLANG_WARN_RANGE_LOOP_ANALYSIS = YES;
				CLANG_WARN_STRICT_PROTOTYPES = YES;
				CLANG_WARN_SUSPICIOUS_MOVE = YES;
				CLANG_WARN_UNGUARDED_AVAILABILITY = YES_AGGRESSIVE;
				CLANG_WARN_UNREACHABLE_CODE = YES;
				CLANG_WARN__DUPLICATE_METHOD_MATCH = YES;
				COPY_PHASE_STRIP = NO;
				DEBUG_INFORMATION_FORMAT = "dwarf-with-dsym";
				ENABLE_NS_ASSERTIONS = NO;
				ENABLE_STRICT_OBJC_MSGSEND = YES;
				GCC_C_LANGUAGE_STANDARD = gnu11;
				GCC_NO_COMMON_BLOCKS = YES;
				GCC_WARN_64_TO_32_BIT_CONVERSION = YES;
				GCC_WARN_ABOUT_RETURN_TYPE = YES_ERROR;
				GCC_WARN_UNDECLARED_SELECTOR = YES;
				GCC_WARN_UNINITIALIZED_AUTOS = YES_AGGRESSIVE;
				GCC_WARN_UNUSED_FUNCTION = YES;
				GCC_WARN_UNUSED_VARIABLE = YES;
				MACOSX_DEPLOYMENT_TARGET = 13.0;
				MTL_ENABLE_DEBUG_INFO = NO;
				MTL_FAST_MATH = YES;
				SDKROOT = macosx;
				SWIFT_COMPILATION_MODE = wholemodule;
				SWIFT_OPTIMIZATION_LEVEL = "-O";
			};
			name = Release;
		};
		HH0003 /* Debug */ = {
			isa = XCBuildConfiguration;
			buildSettings = {
				ASSETCATALOG_COMPILER_APPICON_NAME = AppIcon;
				CODE_SIGN_ENTITLEMENTS = TerminalEmulator/TerminalEmulator.entitlements;
				CODE_SIGN_STYLE = Automatic;
				COMBINE_HIDPI_IMAGES = YES;
				CURRENT_PROJECT_VERSION = 1;
				DEVELOPMENT_TEAM = "";
				INFOPLIST_FILE = TerminalEmulator/Info.plist;
				INFOPLIST_KEY_NSHumanReadableCopyright = "";
				INFOPLIST_KEY_NSMainStoryboardFile = "";
				INFOPLIST_KEY_NSPrincipalClass = NSApplication;
				LD_RUNPATH_SEARCH_PATHS = (
					"$(inherited)",
					"@executable_path/../Frameworks",
				);
				LIBRARY_SEARCH_PATHS = (
					"$(inherited)",
					"$(PROJECT_DIR)/../../core/target/release",
				);
				MARKETING_VERSION = 1.0;
				OTHER_LDFLAGS = "-lterminal_core";
				PRODUCT_BUNDLE_IDENTIFIER = com.example.TerminalEmulator;
				PRODUCT_NAME = "$(TARGET_NAME)";
				SWIFT_EMIT_LOC_STRINGS = YES;
				SWIFT_OBJC_BRIDGING_HEADER = "TerminalEmulator/TerminalEmulator-Bridging-Header.h";
				SWIFT_VERSION = 5.0;
			};
			name = Debug;
		};
		HH0004 /* Release */ = {
			isa = XCBuildConfiguration;
			buildSettings = {
				ASSETCATALOG_COMPILER_APPICON_NAME = AppIcon;
				CODE_SIGN_ENTITLEMENTS = TerminalEmulator/TerminalEmulator.entitlements;
				CODE_SIGN_STYLE = Automatic;
				COMBINE_HIDPI_IMAGES = YES;
				CURRENT_PROJECT_VERSION = 1;
				DEVELOPMENT_TEAM = "";
				INFOPLIST_FILE = TerminalEmulator/Info.plist;
				INFOPLIST_KEY_NSHumanReadableCopyright = "";
				INFOPLIST_KEY_NSMainStoryboardFile = "";
				INFOPLIST_KEY_NSPrincipalClass = NSApplication;
				LD_RUNPATH_SEARCH_PATHS = (
					"$(inherited)",
					"@executable_path/../Frameworks",
				);
				LIBRARY_SEARCH_PATHS = (
					"$(inherited)",
					"$(PROJECT_DIR)/../../core/target/release",
				);
				MARKETING_VERSION = 1.0;
				OTHER_LDFLAGS = "-lterminal_core";
				PRODUCT_BUNDLE_IDENTIFIER = com.example.TerminalEmulator;
				PRODUCT_NAME = "$(TARGET_NAME)";
				SWIFT_EMIT_LOC_STRINGS = YES;
				SWIFT_OBJC_BRIDGING_HEADER = "TerminalEmulator/TerminalEmulator-Bridging-Header.h";
				SWIFT_VERSION = 5.0;
			};
			name = Release;
		};
/* End XCBuildConfiguration section */

/* Begin XCConfigurationList section */
		FF0002 /* Build configuration list for PBXNativeTarget "TerminalEmulator" */ = {
			isa = XCConfigurationList;
			buildConfigurations = (
				HH0003 /* Debug */,
				HH0004 /* Release */,
			);
			defaultConfigurationIsVisible = 0;
			defaultConfigurationName = Release;
		};
		GG0002 /* Build configuration list for PBXProject "TerminalEmulator" */ = {
			isa = XCConfigurationList;
			buildConfigurations = (
				HH0001 /* Debug */,
				HH0002 /* Release */,
			);
			defaultConfigurationIsVisible = 0;
			defaultConfigurationName = Release;
		};
/* End XCConfigurationList section */
	};
	rootObject = GG0001 /* Project object */;
}
